
Microsoft Visual Studio Solution File, Format Version 12.00
# Visual Studio Version 17
VisualStudioVersion = 17.11.35327.3
MinimumVisualStudioVersion = 10.0.40219.1
Project("{FAE04EC0-301F-11D3-BF4B-00C04F79EFBC}") = "EntityFrameworkCore.Data", "EntityFrameworkCore.Data\EntityFrameworkCore.Data.csproj", "{C10CE11F-CE6D-40C6-A81B-5C9F3C545B89}"
EndProject
Project("{FAE04EC0-301F-11D3-BF4B-00C04F79EFBC}") = "EntityFrameworkCore.Domain", "EntityFrameworkCore.Domain\EntityFrameworkCore.Domain.csproj", "{6965C5B6-1316-478F-8937-B4D8296CA364}"
EndProject
Global
	GlobalSection(SolutionConfigurationPlatforms) = preSolution
		Debug|Any CPU = Debug|Any CPU
		Release|Any CPU = Release|Any CPU
	EndGlobalSection
	GlobalSection(ProjectConfigurationPlatforms) = postSolution
		{C10CE11F-CE6D-40C6-A81B-5C9F3C545B89}.Debug|Any CPU.ActiveCfg = Debug|Any CPU
		{C10CE11F-CE6D-40C6-A81B-5C9F3C545B89}.Debug|Any CPU.Build.0 = Debug|Any CPU
		{C10CE11F-CE6D-40C6-A81B-5C9F3C545B89}.Release|Any CPU.ActiveCfg = Release|Any CPU
		{C10CE11F-CE6D-40C6-A81B-5C9F3C545B89}.Release|Any CPU.Build.0 = Release|Any CPU
		{6965C5B6-1316-478F-8937-B4D8296CA364}.Debug|Any CPU.ActiveCfg = Debug|Any CPU
		{6965C5B6-1316-478F-8937-B4D8296CA364}.Debug|Any CPU.Build.0 = Debug|Any CPU
		{6965C5B6-1316-478F-8937-B4D8296CA364}.Release|Any CPU.ActiveCfg = Release|Any CPU
		{6965C5B6-1316-478F-8937-B4D8296CA364}.Release|Any CPU.Build.0 = Release|Any CPU
	EndGlobalSection
	GlobalSection(SolutionProperties) = preSolution
		HideSolutionNode = FALSE
	EndGlobalSection
	GlobalSection(ExtensibilityGlobals) = postSolution
		SolutionGuid = {7E7114BC-A2A5-4B5C-A812-C98E9618B254}
	EndGlobalSection
EndGlobal
